devDependencies:
  dotenv: 8.2.0
  typescript: 3.8.2
lockfileVersion: 5.1
packages:
  /dotenv/8.2.0:
    dev: true
    engines:
      node: '>=8'
    resolution:
      integrity: sha512-8sJ78ElpbDJBHNeBzUbUVLsqKdccaa/BXF1uPTw3GrvQTBgrQrtObr2mUrE38vzYd8cEv+m/JBfDLioYcfXoaw==
  /typescript/3.8.2:
    dev: true
    engines:
      node: '>=4.2.0'
    hasBin: true
    resolution:
      integrity: sha512-EgOVgL/4xfVrCMbhYKUQTdF37SQn4Iw73H5BgCrF1Abdun7Kwy/QZsE/ssAy0y4LxBbvua3PIbFsbRczWWnDdQ==
specifiers:
  dotenv: ^8.2.0
  typescript: ^3.6.3
