dependencies:
  '@types/signale': 1.4.1
  http-status-codes: 2.1.2
  signale: 1.4.0
devDependencies:
  '@types/node': 14.6.2
  dotenv: 8.2.0
  typescript: 4.0.2
lockfileVersion: 5.1
packages:
  /@types/node/14.6.2:
    resolution:
      integrity: sha512-onlIwbaeqvZyniGPfdw/TEhKIh79pz66L1q06WUQqJLnAb6wbjvOtepLYTGHTqzdXgBYIE3ZdmqHDGsRsbBz7A==
  /@types/signale/1.4.1:
    dependencies:
      '@types/node': 14.6.2
    dev: false
    resolution:
      integrity: sha512-05d9fUDqRnt36rizLgo38SbPTrkMzdhXpvSHSAhxzokgIUPGNUoXHV0zYjPpTd4IryDADJ0mGHpfJ/Yhjyh9JQ==
  /ansi-styles/3.2.1:
    dependencies:
      color-convert: 1.9.3
    dev: false
    engines:
      node: '>=4'
    resolution:
      integrity: sha512-VT0ZI6kZRdTh8YyJw3SMbYm/u+NqfsAxEpWO0Pf9sq8/e94WxxOpPKx9FR1FlyCtOVDNOQ+8ntlqFxiRc+r5qA==
  /chalk/2.4.2:
    dependencies:
      ansi-styles: 3.2.1
      escape-string-regexp: 1.0.5
      supports-color: 5.5.0
    dev: false
    engines:
      node: '>=4'
    resolution:
      integrity: sha512-Mti+f9lpJNcwF4tWV8/OrTTtF1gZi+f8FqlyAdouralcFWFQWF2+NgCHShjkCb+IFBLq9buZwE1xckQU4peSuQ==
  /color-convert/1.9.3:
    dependencies:
      color-name: 1.1.3
    dev: false
    resolution:
      integrity: sha512-QfAUtd+vFdAtFQcC8CCyYt1fYWxSqAiK2cSD6zDB8N3cpsEBAvRxp9zOGg6G/SHHJYAT88/az/IuDGALsNVbGg==
  /color-name/1.1.3:
    dev: false
    resolution:
      integrity: sha1-p9BVi9icQveV3UIyj3QIMcpTvCU=
  /dotenv/8.2.0:
    dev: true
    engines:
      node: '>=8'
    resolution:
      integrity: sha512-8sJ78ElpbDJBHNeBzUbUVLsqKdccaa/BXF1uPTw3GrvQTBgrQrtObr2mUrE38vzYd8cEv+m/JBfDLioYcfXoaw==
  /error-ex/1.3.2:
    dependencies:
      is-arrayish: 0.2.1
    dev: false
    resolution:
      integrity: sha512-7dFHNmqeFSEt2ZBsCriorKnn3Z2pj+fd9kmI6QoWw4//DL+icEBfc0U7qJCisqrTsKTjw4fNFy2pW9OqStD84g==
  /escape-string-regexp/1.0.5:
    dev: false
    engines:
      node: '>=0.8.0'
    resolution:
      integrity: sha1-G2HAViGQqN/2rjuyzwIAyhMLhtQ=
  /figures/2.0.0:
    dependencies:
      escape-string-regexp: 1.0.5
    dev: false
    engines:
      node: '>=4'
    resolution:
      integrity: sha1-OrGi0qYsi/tDGgyUy3l6L84nyWI=
  /find-up/2.1.0:
    dependencies:
      locate-path: 2.0.0
    dev: false
    engines:
      node: '>=4'
    resolution:
      integrity: sha1-RdG35QbHF93UgndaK3eSCjwMV6c=
  /graceful-fs/4.2.3:
    dev: false
    resolution:
      integrity: sha512-a30VEBm4PEdx1dRB7MFK7BejejvCvBronbLjht+sHuGYj8PHs7M/5Z+rt5lw551vZ7yfTCj4Vuyy3mSJytDWRQ==
  /has-flag/3.0.0:
    dev: false
    engines:
      node: '>=4'
    resolution:
      integrity: sha1-tdRU3CGZriJWmfNGfloH87lVuv0=
  /http-status-codes/2.1.2:
    dev: false
    resolution:
      integrity: sha512-zpZ1nBcoR0j1FLQ7xbXXBy1z/yUfAi+0a5IZBoZnmOseYkaljdzQ17ZeVXFlK23IbLxMJn6aWI0uU92DQQrG0g==
  /is-arrayish/0.2.1:
    dev: false
    resolution:
      integrity: sha1-d8mYQFJ6qOyxqLppe4BkWnqSap0=
  /json-parse-better-errors/1.0.2:
    dev: false
    resolution:
      integrity: sha512-mrqyZKfX5EhL7hvqcV6WG1yYjnjeuYDzDhhcAAUrq8Po85NBQBJP+ZDUT75qZQ98IkUoBqdkExkukOU7Ts2wrw==
  /load-json-file/4.0.0:
    dependencies:
      graceful-fs: 4.2.3
      parse-json: 4.0.0
      pify: 3.0.0
      strip-bom: 3.0.0
    dev: false
    engines:
      node: '>=4'
    resolution:
      integrity: sha1-L19Fq5HjMhYjT9U62rZo607AmTs=
  /locate-path/2.0.0:
    dependencies:
      p-locate: 2.0.0
      path-exists: 3.0.0
    dev: false
    engines:
      node: '>=4'
    resolution:
      integrity: sha1-K1aLJl7slExtnA3pw9u7ygNUzY4=
  /p-limit/1.3.0:
    dependencies:
      p-try: 1.0.0
    dev: false
    engines:
      node: '>=4'
    resolution:
      integrity: sha512-vvcXsLAJ9Dr5rQOPk7toZQZJApBl2K4J6dANSsEuh6QI41JYcsS/qhTGa9ErIUUgK3WNQoJYvylxvjqmiqEA9Q==
  /p-locate/2.0.0:
    dependencies:
      p-limit: 1.3.0
    dev: false
    engines:
      node: '>=4'
    resolution:
      integrity: sha1-IKAQOyIqcMj9OcwuWAaA893l7EM=
  /p-try/1.0.0:
    dev: false
    engines:
      node: '>=4'
    resolution:
      integrity: sha1-y8ec26+P1CKOE/Yh8rGiN8GyB7M=
  /parse-json/4.0.0:
    dependencies:
      error-ex: 1.3.2
      json-parse-better-errors: 1.0.2
    dev: false
    engines:
      node: '>=4'
    resolution:
      integrity: sha1-vjX1Qlvh9/bHRxhPmKeIy5lHfuA=
  /path-exists/3.0.0:
    dev: false
    engines:
      node: '>=4'
    resolution:
      integrity: sha1-zg6+ql94yxiSXqfYENe1mwEP1RU=
  /pify/3.0.0:
    dev: false
    engines:
      node: '>=4'
    resolution:
      integrity: sha1-5aSs0sEB/fPZpNB/DbxNtJ3SgXY=
  /pkg-conf/2.1.0:
    dependencies:
      find-up: 2.1.0
      load-json-file: 4.0.0
    dev: false
    engines:
      node: '>=4'
    resolution:
      integrity: sha1-ISZRTKbyq/69FoWW3xi6V4Z/AFg=
  /signale/1.4.0:
    dependencies:
      chalk: 2.4.2
      figures: 2.0.0
      pkg-conf: 2.1.0
    dev: false
    engines:
      node: '>=6'
    resolution:
      integrity: sha512-iuh+gPf28RkltuJC7W5MRi6XAjTDCAPC/prJUpQoG4vIP3MJZ+GTydVnodXA7pwvTKb2cA0m9OFZW/cdWy/I/w==
  /strip-bom/3.0.0:
    dev: false
    engines:
      node: '>=4'
    resolution:
      integrity: sha1-IzTBjpx1n3vdVv3vfprj1YjmjtM=
  /supports-color/5.5.0:
    dependencies:
      has-flag: 3.0.0
    dev: false
    engines:
      node: '>=4'
    resolution:
      integrity: sha512-QjVjwdXIt408MIiAqCX4oUKsgU2EqAGzs2Ppkm4aQYbjm+ZEWEcW4SfFNTr4uMNZma0ey4f5lgLrkB0aX0QMow==
  /typescript/4.0.2:
    dev: true
    engines:
      node: '>=4.2.0'
    hasBin: true
    resolution:
      integrity: sha512-e4ERvRV2wb+rRZ/IQeb3jm2VxBsirQLpQhdxplZ2MEzGvDkkMmPglecnNDfSUBivMjP93vRbngYYDQqQ/78bcQ==
specifiers:
  '@types/node': ^14.6.2
  '@types/signale': ^1.4.1
  dotenv: ^8.2.0
  http-status-codes: ^2.1.2
  signale: ^1.4.0
  typescript: ^4.0.2
