dependencies:
  http-status-codes: 1.4.0
devDependencies:
  '@types/node': 12.12.28
  dotenv: 8.2.0
  typescript: 3.8.2
lockfileVersion: 5.1
packages:
  /@types/node/12.12.28:
    dev: true
    resolution:
      integrity: sha512-g73GJYJDXgf0jqg+P9S8h2acWbDXNkoCX8DLtJVu7Fkn788pzQ/oJsrdJz/2JejRf/SjfZaAhsw+3nd1D5EWGg==
  /dotenv/8.2.0:
    dev: true
    engines:
      node: '>=8'
    resolution:
      integrity: sha512-8sJ78ElpbDJBHNeBzUbUVLsqKdccaa/BXF1uPTw3GrvQTBgrQrtObr2mUrE38vzYd8cEv+m/JBfDLioYcfXoaw==
  /http-status-codes/1.4.0:
    dev: false
    resolution:
      integrity: sha512-JrT3ua+WgH8zBD3HEJYbeEgnuQaAnUeRRko/YojPAJjGmIfGD3KPU/asLdsLwKjfxOmQe5nXMQ0pt/7MyapVbQ==
  /typescript/3.8.2:
    dev: true
    engines:
      node: '>=4.2.0'
    hasBin: true
    resolution:
      integrity: sha512-EgOVgL/4xfVrCMbhYKUQTdF37SQn4Iw73H5BgCrF1Abdun7Kwy/QZsE/ssAy0y4LxBbvua3PIbFsbRczWWnDdQ==
specifiers:
  '@types/node': ^12.7.11
  dotenv: ^8.2.0
  http-status-codes: ^1.3.2
  typescript: ^3.6.3
