dependencies:
  http-status-codes: 1.3.2
devDependencies:
  '@types/node': 12.7.11
  typescript: 3.6.3
lockfileVersion: 5.1
packages:
  /@types/node/12.7.11:
    dev: true
    resolution:
      integrity: sha512-Otxmr2rrZLKRYIybtdG/sgeO+tHY20GxeDjcGmUnmmlCWyEnv2a2x1ZXBo3BTec4OiTXMQCiazB8NMBf0iRlFw==
  /http-status-codes/1.3.2:
    dev: false
    resolution:
      integrity: sha512-nDUtj0ltIt08tGi2VWSpSzNNFye0v3YSe9lX3lIqLTuVvvRiYCvs4QQBSHo0eomFYw1wlUuofurUAlTm+vHnXg==
  /typescript/3.6.3:
    dev: true
    engines:
      node: '>=4.2.0'
    hasBin: true
    resolution:
      integrity: sha512-N7bceJL1CtRQ2RiG0AQME13ksR7DiuQh/QehubYcghzv20tnh+MQnQIuJddTmsbqYj+dztchykemz0zFzlvdQw==
specifiers:
  '@types/node': ^12.7.11
  http-status-codes: ^1.3.2
  typescript: ^3.6.3
