dependencies:
  handy-redis: 1.8.0
devDependencies:
  '@types/node': 13.7.6
  dotenv: 8.2.0
  typescript: 3.8.2
lockfileVersion: 5.1
packages:
  /@types/node/13.7.6:
    resolution:
      integrity: sha512-eyK7MWD0R1HqVTp+PtwRgFeIsemzuj4gBFSQxfPHY5iMjS7474e5wq+VFgTcdpyHeNxyKSaetYAjdMLJlKoWqA==
  /@types/redis/2.8.16:
    dependencies:
      '@types/node': 13.7.6
    dev: false
    resolution:
      integrity: sha512-7iJzu9OvKPuKiZxlIVG7P3UM7C3XX4FxXk9f24MkAvucze93Zp4XzoERmDaKQnaZP0Qv1pMAq25lAvUPCKXCHQ==
  /denque/1.4.1:
    dev: false
    engines:
      node: '>=0.10'
    resolution:
      integrity: sha512-OfzPuSZKGcgr96rf1oODnfjqBFmr1DVoc/TrItj3Ohe0Ah1C5WX5Baquw/9U9KovnQ88EqmJbD66rKYUQYN1tQ==
  /dotenv/8.2.0:
    dev: true
    engines:
      node: '>=8'
    resolution:
      integrity: sha512-8sJ78ElpbDJBHNeBzUbUVLsqKdccaa/BXF1uPTw3GrvQTBgrQrtObr2mUrE38vzYd8cEv+m/JBfDLioYcfXoaw==
  /handy-redis/1.8.0:
    dependencies:
      '@types/redis': 2.8.16
      redis: 3.0.2
    dev: false
    engines:
      node: '>= 8.0.0'
    resolution:
      integrity: sha512-a1amZUoG+fD8MMg+3A4QaMRznecQZa5a3+tquV0LDkxu315EcUj9Ix3vgp1LY4hdTx1nxjepTCbxug4dU0KCDA==
  /redis-commands/1.5.0:
    dev: false
    resolution:
      integrity: sha512-6KxamqpZ468MeQC3bkWmCB1fp56XL64D4Kf0zJSwDZbVLLm7KFkoIcHrgRvQ+sk8dnhySs7+yBg94yIkAK7aJg==
  /redis-errors/1.2.0:
    dev: false
    engines:
      node: '>=4'
    resolution:
      integrity: sha1-62LSrbFeTq9GEMBK/hUpOEJQq60=
  /redis-parser/3.0.0:
    dependencies:
      redis-errors: 1.2.0
    dev: false
    engines:
      node: '>=4'
    resolution:
      integrity: sha1-tm2CjNyv5rS4pCin3vTGvKwxyLQ=
  /redis/3.0.2:
    dependencies:
      denque: 1.4.1
      redis-commands: 1.5.0
      redis-errors: 1.2.0
      redis-parser: 3.0.0
    dev: false
    engines:
      node: '>=6'
    resolution:
      integrity: sha512-PNhLCrjU6vKVuMOyFu7oSP296mwBkcE6lrAjruBYG5LgdSqtRBoVQIylrMyVZD/lkF24RSNNatzvYag6HRBHjQ==
  /typescript/3.8.2:
    dev: true
    engines:
      node: '>=4.2.0'
    hasBin: true
    resolution:
      integrity: sha512-EgOVgL/4xfVrCMbhYKUQTdF37SQn4Iw73H5BgCrF1Abdun7Kwy/QZsE/ssAy0y4LxBbvua3PIbFsbRczWWnDdQ==
specifiers:
  '@types/node': ^13.7.6
  dotenv: ^8.2.0
  handy-redis: ^1.8.0
  typescript: ^3.8.2
