dependencies:
  handy-redis: 1.6.2
devDependencies:
  '@types/node': 12.7.11
  typescript: 3.6.3
lockfileVersion: 5.1
packages:
  /@types/node/12.7.11:
    resolution:
      integrity: sha512-Otxmr2rrZLKRYIybtdG/sgeO+tHY20GxeDjcGmUnmmlCWyEnv2a2x1ZXBo3BTec4OiTXMQCiazB8NMBf0iRlFw==
  /@types/redis/2.8.14:
    dependencies:
      '@types/node': 12.7.11
    dev: false
    resolution:
      integrity: sha512-255dzsOLJdXFHBio9/aMHGozNkoiBUgc+g2nlNjbTSp5qcAlmpm4Z6Xs3pKOBLNIKdZbA2BkUxWvYSIwKra0Yw==
  /double-ended-queue/2.1.0-0:
    dev: false
    resolution:
      integrity: sha1-ED01J/0xUo9AGIEwyEHv3XgmTlw=
  /handy-redis/1.6.2:
    dependencies:
      '@types/redis': 2.8.14
      redis: 2.8.0
    dev: false
    engines:
      node: '>= 8.0.0'
    resolution:
      integrity: sha512-UVJwFY/38kdNqMbrmbt/lAQl1NzRuCfT5kGdw/xpv38XGSLRZrwQACHIckp24cPfphNMdcjsc7+Ne6EKkaubqA==
  /redis-commands/1.5.0:
    dev: false
    resolution:
      integrity: sha512-6KxamqpZ468MeQC3bkWmCB1fp56XL64D4Kf0zJSwDZbVLLm7KFkoIcHrgRvQ+sk8dnhySs7+yBg94yIkAK7aJg==
  /redis-parser/2.6.0:
    dev: false
    engines:
      node: '>=0.10.0'
    resolution:
      integrity: sha1-Uu0J2srBCPGmMcB+m2mUHnoZUEs=
  /redis/2.8.0:
    dependencies:
      double-ended-queue: 2.1.0-0
      redis-commands: 1.5.0
      redis-parser: 2.6.0
    dev: false
    engines:
      node: '>=0.10.0'
    resolution:
      integrity: sha512-M1OkonEQwtRmZv4tEWF2VgpG0JWJ8Fv1PhlgT5+B+uNq2cA3Rt1Yt/ryoR+vQNOQcIEgdCdfH0jr3bDpihAw1A==
  /typescript/3.6.3:
    dev: true
    engines:
      node: '>=4.2.0'
    hasBin: true
    resolution:
      integrity: sha512-N7bceJL1CtRQ2RiG0AQME13ksR7DiuQh/QehubYcghzv20tnh+MQnQIuJddTmsbqYj+dztchykemz0zFzlvdQw==
specifiers:
  '@types/node': ^12.7.11
  handy-redis: ^1.6.2
  typescript: ^3.6.3
