dependencies:
  '@types/marked': 1.1.0
  '@types/mustache': 4.0.1
  marked: 1.1.1
  mustache: 4.0.1
devDependencies:
  '@types/node': 14.6.2
  dotenv: 8.2.0
  typescript: 4.0.2
lockfileVersion: 5.1
packages:
  /@types/marked/1.1.0:
    dev: false
    resolution:
      integrity: sha512-j8XXj6/l9kFvCwMyVqozznqpd/nk80krrW+QiIJN60Uu9gX5Pvn4/qPJ2YngQrR3QREPwmrE1f9/EWKVTFzoEw==
  /@types/mustache/4.0.1:
    dev: false
    resolution:
      integrity: sha512-wH6Tu9mbiOt0n5EvdoWy0VGQaJMHfLIxY/6wS0xLC7CV1taM6gESEzcYy0ZlWvxxiiljYvfDIvz4hHbUUDRlhw==
  /@types/node/14.6.2:
    dev: true
    resolution:
      integrity: sha512-onlIwbaeqvZyniGPfdw/TEhKIh79pz66L1q06WUQqJLnAb6wbjvOtepLYTGHTqzdXgBYIE3ZdmqHDGsRsbBz7A==
  /dotenv/8.2.0:
    dev: true
    engines:
      node: '>=8'
    resolution:
      integrity: sha512-8sJ78ElpbDJBHNeBzUbUVLsqKdccaa/BXF1uPTw3GrvQTBgrQrtObr2mUrE38vzYd8cEv+m/JBfDLioYcfXoaw==
  /marked/1.1.1:
    dev: false
    engines:
      node: '>= 8.16.2'
    hasBin: true
    resolution:
      integrity: sha512-mJzT8D2yPxoPh7h0UXkB+dBj4FykPJ2OIfxAWeIHrvoHDkFxukV/29QxoFQoPM6RLEwhIFdJpmKBlqVM3s2ZIw==
  /mustache/4.0.1:
    dev: false
    engines:
      npm: '>=1.4.0'
    hasBin: true
    resolution:
      integrity: sha512-yL5VE97+OXn4+Er3THSmTdCFCtx5hHWzrolvH+JObZnUYwuaG7XV+Ch4fR2cIrcYI0tFHxS7iyFYl14bW8y2sA==
  /typescript/4.0.2:
    dev: true
    engines:
      node: '>=4.2.0'
    hasBin: true
    resolution:
      integrity: sha512-e4ERvRV2wb+rRZ/IQeb3jm2VxBsirQLpQhdxplZ2MEzGvDkkMmPglecnNDfSUBivMjP93vRbngYYDQqQ/78bcQ==
specifiers:
  '@types/marked': ^1.1.0
  '@types/mustache': ^4.0.1
  '@types/node': ^14.6.2
  dotenv: ^8.2.0
  marked: ^1.1.1
  mustache: ^4.0.1
  typescript: ^4.0.2
