dependencies:
  '@types/marked': 0.7.2
  '@types/mustache': 4.0.1
  marked: 0.8.0
  mustache: 4.0.0
devDependencies:
  '@types/node': 13.7.6
  dotenv: 8.2.0
  typescript: 3.8.2
lockfileVersion: 5.1
packages:
  /@types/marked/0.7.2:
    dev: false
    resolution:
      integrity: sha512-A3EDyNaq6OCcpaOia2HQ/tu2QYt8DKuj4ExP21VU3cU3HTo2FLslvbqa2T1vux910RHvuSVqpwKnnykSFcRWOA==
  /@types/mustache/4.0.1:
    dev: false
    resolution:
      integrity: sha512-wH6Tu9mbiOt0n5EvdoWy0VGQaJMHfLIxY/6wS0xLC7CV1taM6gESEzcYy0ZlWvxxiiljYvfDIvz4hHbUUDRlhw==
  /@types/node/13.7.6:
    dev: true
    resolution:
      integrity: sha512-eyK7MWD0R1HqVTp+PtwRgFeIsemzuj4gBFSQxfPHY5iMjS7474e5wq+VFgTcdpyHeNxyKSaetYAjdMLJlKoWqA==
  /dotenv/8.2.0:
    dev: true
    engines:
      node: '>=8'
    resolution:
      integrity: sha512-8sJ78ElpbDJBHNeBzUbUVLsqKdccaa/BXF1uPTw3GrvQTBgrQrtObr2mUrE38vzYd8cEv+m/JBfDLioYcfXoaw==
  /marked/0.8.0:
    dev: false
    engines:
      node: '>= 8.16.2'
    hasBin: true
    resolution:
      integrity: sha512-MyUe+T/Pw4TZufHkzAfDj6HarCBWia2y27/bhuYkTaiUnfDYFnCP3KUN+9oM7Wi6JA2rymtVYbQu3spE0GCmxQ==
  /mustache/4.0.0:
    dev: false
    engines:
      npm: '>=1.4.0'
    hasBin: true
    resolution:
      integrity: sha512-FJgjyX/IVkbXBXYUwH+OYwQKqWpFPLaLVESd70yHjSDunwzV2hZOoTBvPf4KLoxesUzzyfTH6F784Uqd7Wm5yA==
  /typescript/3.8.2:
    dev: true
    engines:
      node: '>=4.2.0'
    hasBin: true
    resolution:
      integrity: sha512-EgOVgL/4xfVrCMbhYKUQTdF37SQn4Iw73H5BgCrF1Abdun7Kwy/QZsE/ssAy0y4LxBbvua3PIbFsbRczWWnDdQ==
specifiers:
  '@types/marked': ^0.7.2
  '@types/mustache': ^4.0.1
  '@types/node': ^13.7.6
  dotenv: ^8.2.0
  marked: ^0.8.0
  mustache: ^4.0.0
  typescript: ^3.8.2
